
Microsoft Visual Studio Solution File, Format Version 12.00
# Visual Studio 15
VisualStudioVersion = 15.0.27130.2026
MinimumVisualStudioVersion = 10.0.40219.1
Project("{FAE04EC0-301F-11D3-BF4B-00C04F79EFBC}") = "CityFinderApp", "CityFinderApp\CityFinderApp.csproj", "{06D4425E-7620-4D4C-9966-82D3C8B5B60B}"
EndProject
Project("{FAE04EC0-301F-11D3-BF4B-00C04F79EFBC}") = "CityFinderBusinessLayer", "CityFinderBusinessLayer\CityFinderBusinessLayer.csproj", "{9BECE9B4-0362-4654-9292-81F8FA677FAC}"
EndProject
Project("{FAE04EC0-301F-11D3-BF4B-00C04F79EFBC}") = "CityFinderInterfaces", "CityFinderInterfaces\CityFinderInterfaces.csproj", "{92D00CDC-2E22-4117-B64C-07907CA2C7A2}"
EndProject
Project("{FAE04EC0-301F-11D3-BF4B-00C04F79EFBC}") = "CityFinderTests", "CityFinderTests\CityFinderTests.csproj", "{0C19C206-E885-42C4-AAEB-A2223C64F514}"
EndProject
Project("{FAE04EC0-301F-11D3-BF4B-00C04F79EFBC}") = "CityRepository", "CityRepository\CityRepository.csproj", "{47D236F4-B1BE-4C75-BF85-6A76717E009C}"
EndProject
Global
	GlobalSection(SolutionConfigurationPlatforms) = preSolution
		Debug|Any CPU = Debug|Any CPU
		Release|Any CPU = Release|Any CPU
	EndGlobalSection
	GlobalSection(ProjectConfigurationPlatforms) = postSolution
		{06D4425E-7620-4D4C-9966-82D3C8B5B60B}.Debug|Any CPU.ActiveCfg = Debug|Any CPU
		{06D4425E-7620-4D4C-9966-82D3C8B5B60B}.Debug|Any CPU.Build.0 = Debug|Any CPU
		{06D4425E-7620-4D4C-9966-82D3C8B5B60B}.Release|Any CPU.ActiveCfg = Release|Any CPU
		{06D4425E-7620-4D4C-9966-82D3C8B5B60B}.Release|Any CPU.Build.0 = Release|Any CPU
		{9BECE9B4-0362-4654-9292-81F8FA677FAC}.Debug|Any CPU.ActiveCfg = Debug|Any CPU
		{9BECE9B4-0362-4654-9292-81F8FA677FAC}.Debug|Any CPU.Build.0 = Debug|Any CPU
		{9BECE9B4-0362-4654-9292-81F8FA677FAC}.Release|Any CPU.ActiveCfg = Release|Any CPU
		{9BECE9B4-0362-4654-9292-81F8FA677FAC}.Release|Any CPU.Build.0 = Release|Any CPU
		{92D00CDC-2E22-4117-B64C-07907CA2C7A2}.Debug|Any CPU.ActiveCfg = Debug|Any CPU
		{92D00CDC-2E22-4117-B64C-07907CA2C7A2}.Debug|Any CPU.Build.0 = Debug|Any CPU
		{92D00CDC-2E22-4117-B64C-07907CA2C7A2}.Release|Any CPU.ActiveCfg = Release|Any CPU
		{92D00CDC-2E22-4117-B64C-07907CA2C7A2}.Release|Any CPU.Build.0 = Release|Any CPU
		{0C19C206-E885-42C4-AAEB-A2223C64F514}.Debug|Any CPU.ActiveCfg = Debug|Any CPU
		{0C19C206-E885-42C4-AAEB-A2223C64F514}.Debug|Any CPU.Build.0 = Debug|Any CPU
		{0C19C206-E885-42C4-AAEB-A2223C64F514}.Release|Any CPU.ActiveCfg = Release|Any CPU
		{0C19C206-E885-42C4-AAEB-A2223C64F514}.Release|Any CPU.Build.0 = Release|Any CPU
		{47D236F4-B1BE-4C75-BF85-6A76717E009C}.Debug|Any CPU.ActiveCfg = Debug|Any CPU
		{47D236F4-B1BE-4C75-BF85-6A76717E009C}.Debug|Any CPU.Build.0 = Debug|Any CPU
		{47D236F4-B1BE-4C75-BF85-6A76717E009C}.Release|Any CPU.ActiveCfg = Release|Any CPU
		{47D236F4-B1BE-4C75-BF85-6A76717E009C}.Release|Any CPU.Build.0 = Release|Any CPU
	EndGlobalSection
	GlobalSection(SolutionProperties) = preSolution
		HideSolutionNode = FALSE
	EndGlobalSection
	GlobalSection(ExtensibilityGlobals) = postSolution
		SolutionGuid = {45C60EAD-8CC4-49A4-BFDD-258599B10FBE}
	EndGlobalSection
EndGlobal
